lockfileVersion: '9.0'

settings:
  autoInstallPeers: true
  excludeLinksFromLockfile: false

importers:

  .:
    dependencies:
      '@types/leaflet':
        specifier: ^1.9.16
        version: 1.9.16
      leaflet:
        specifier: ^1.9.4
        version: 1.9.4
      phaser:
        specifier: ^3.88.2
        version: 3.88.2

packages:

  '@types/geojson@7946.0.16':
    resolution: {integrity: sha512-6C8nqWur3j98U6+lXDfTUWIfgvZU+EumvpHKcYjujKH7woYyLj2sUmff0tRhrqM7BohUw7Pz3ZB1jj2gW9Fvmg==}

  '@types/leaflet@1.9.16':
    resolution: {integrity: sha512-wzZoyySUxkgMZ0ihJ7IaUIblG8Rdc8AbbZKLneyn+QjYsj5q1QU7TEKYqwTr10BGSzY5LI7tJk9Ifo+mEjdFRw==}

  eventemitter3@5.0.1:
    resolution: {integrity: sha512-GWkBvjiSZK87ELrYOSESUYeVIc9mvLLf/nXalMOS5dYrgZq9o5OVkbZAVM06CVxYsCwH9BDZFPlQTlPA1j4ahA==}

  leaflet@1.9.4:
    resolution: {integrity: sha512-nxS1ynzJOmOlHp+iL3FyWqK89GtNL8U8rvlMOsQdTTssxZwCXh8N2NB3GDQOL+YR3XnWyZAxwQixURb+FA74PA==}

  phaser@3.88.2:
    resolution: {integrity: sha512-UBgd2sAFuRJbF2xKaQ5jpMWB8oETncChLnymLGHcrnT53vaqiGrQWbUKUDBawKLm24sghjKo4Bf+/xfv8espZQ==}

snapshots:

  '@types/geojson@7946.0.16': {}

  '@types/leaflet@1.9.16':
    dependencies:
      '@types/geojson': 7946.0.16

  eventemitter3@5.0.1: {}

  leaflet@1.9.4: {}

  phaser@3.88.2:
    dependencies:
      eventemitter3: 5.0.1
